Microsoft Visual Studio Solution File, Format Version 9.00
# Visual Studio 2005
Project("{8BC9CEB8-8B4A-11D0-8D11-00A0C91BC942}") = "pptresources", "pptresources.vcproj", "{B9B42DB7-CB38-4D0C-89C8-DABF85CF5E59}"
	ProjectSection(ProjectDependencies) = postProject
		{39199593-4215-9697-2161-564355436861} = {39199593-4215-9697-2161-564355436861}
		{E601EE19-A00D-4803-A16D-77565599D946} = {E601EE19-A00D-4803-A16D-77565599D946}
		{D59530D8-8310-4295-B319-7399743FBD09} = {D59530D8-8310-4295-B319-7399743FBD09}
	EndProjectSection
EndProject
Project("{8BC9CEB8-8B4A-11D0-8D11-00A0C91BC942}") = "lutils", "..\..\..\common\lutils\lutils.vcproj", "{D59530D8-8310-4295-B319-7399743FBD09}"
EndProject
Project("{8BC9CEB8-8B4A-11D0-8D11-00A0C91BC942}") = "lsutl32", "..\..\..\common\lsutl32\lsutl32.vcproj", "{E601EE19-A00D-4803-A16D-77565599D946}"
	ProjectSection(ProjectDependencies) = postProject
		{E0E31804-F388-486F-B435-0435C35EEE88} = {E0E31804-F388-486F-B435-0435C35EEE88}
		{D59530D8-8310-4295-B319-7399743FBD09} = {D59530D8-8310-4295-B319-7399743FBD09}
		{8CA24AE8-5974-497B-8AA0-F2CABD919BDC} = {8CA24AE8-5974-497B-8AA0-F2CABD919BDC}
		{61180F6F-D8A2-4E49-AA70-B336A6C50B72} = {61180F6F-D8A2-4E49-AA70-B336A6C50B72}
		{7FFFA3F6-860B-43A3-8233-9102385A6B35} = {7FFFA3F6-860B-43A3-8233-9102385A6B35}
		{39199593-4215-9697-2161-564355436861} = {39199593-4215-9697-2161-564355436861}
	EndProjectSection
EndProject
Project("{8BC9CEB8-8B4A-11D0-8D11-00A0C91BC942}") = "keygenlib", "..\..\..\common\keygenlib\keygenlib.vcproj", "{E0E31804-F388-486F-B435-0435C35EEE88}"
EndProject
Project("{8BC9CEB8-8B4A-11D0-8D11-00A0C91BC942}") = "BaseClasses", "..\..\..\common\DxBaseClasses\baseclasses.vcproj", "{7FFFA3F6-860B-43A3-8233-9102385A6B35}"
EndProject
Project("{8BC9CEB8-8B4A-11D0-8D11-00A0C91BC942}") = "filesdk", "..\..\..\common\filesdk\filesdk.vcproj", "{8CA24AE8-5974-497B-8AA0-F2CABD919BDC}"
	ProjectSection(ProjectDependencies) = postProject
		{61180F6F-D8A2-4E49-AA70-B336A6C50B72} = {61180F6F-D8A2-4E49-AA70-B336A6C50B72}
		{D59530D8-8310-4295-B319-7399743FBD09} = {D59530D8-8310-4295-B319-7399743FBD09}
		{7FFFA3F6-860B-43A3-8233-9102385A6B35} = {7FFFA3F6-860B-43A3-8233-9102385A6B35}
	EndProjectSection
EndProject
Project("{8BC9CEB8-8B4A-11D0-8D11-00A0C91BC942}") = "drawsdk", "..\..\..\common\drawsdk\drawsdk.vcproj", "{61180F6F-D8A2-4E49-AA70-B336A6C50B72}"
EndProject
Project("{8BC9CEB8-8B4A-11D0-8D11-00A0C91BC942}") = "XTPToolkit_Dll_09", "..\..\..\common\XT_Toolkit_2009\Workspace\ToolkitPro\ToolkitProShared_vc80.vcproj", "{39199593-4215-9697-2161-564355436861}"
EndProject
Global
	GlobalSection(SolutionConfigurationPlatforms) = preSolution
		Debug|Win32 = Debug|Win32
		English_ReleaseStatic|Win32 = English_ReleaseStatic|Win32
		Release|Win32 = Release|Win32
		ReleaseStatic|Win32 = ReleaseStatic|Win32
	EndGlobalSection
	GlobalSection(ProjectConfigurationPlatforms) = postSolution
		{B9B42DB7-CB38-4D0C-89C8-DABF85CF5E59}.Debug|Win32.ActiveCfg = Debug|Win32
		{B9B42DB7-CB38-4D0C-89C8-DABF85CF5E59}.Debug|Win32.Build.0 = Debug|Win32
		{B9B42DB7-CB38-4D0C-89C8-DABF85CF5E59}.English_ReleaseStatic|Win32.ActiveCfg = Release|Win32
		{B9B42DB7-CB38-4D0C-89C8-DABF85CF5E59}.English_ReleaseStatic|Win32.Build.0 = Release|Win32
		{B9B42DB7-CB38-4D0C-89C8-DABF85CF5E59}.Release|Win32.ActiveCfg = Release|Win32
		{B9B42DB7-CB38-4D0C-89C8-DABF85CF5E59}.Release|Win32.Build.0 = Release|Win32
		{B9B42DB7-CB38-4D0C-89C8-DABF85CF5E59}.ReleaseStatic|Win32.ActiveCfg = Release|Win32
		{B9B42DB7-CB38-4D0C-89C8-DABF85CF5E59}.ReleaseStatic|Win32.Build.0 = Release|Win32
		{D59530D8-8310-4295-B319-7399743FBD09}.Debug|Win32.ActiveCfg = Debug|Win32
		{D59530D8-8310-4295-B319-7399743FBD09}.Debug|Win32.Build.0 = Debug|Win32
		{D59530D8-8310-4295-B319-7399743FBD09}.English_ReleaseStatic|Win32.ActiveCfg = English_ReleaseStatic|Win32
		{D59530D8-8310-4295-B319-7399743FBD09}.English_ReleaseStatic|Win32.Build.0 = English_ReleaseStatic|Win32
		{D59530D8-8310-4295-B319-7399743FBD09}.Release|Win32.ActiveCfg = Release|Win32
		{D59530D8-8310-4295-B319-7399743FBD09}.Release|Win32.Build.0 = Release|Win32
		{D59530D8-8310-4295-B319-7399743FBD09}.ReleaseStatic|Win32.ActiveCfg = ReleaseStatic|Win32
		{D59530D8-8310-4295-B319-7399743FBD09}.ReleaseStatic|Win32.Build.0 = ReleaseStatic|Win32
		{E601EE19-A00D-4803-A16D-77565599D946}.Debug|Win32.ActiveCfg = Debug|Win32
		{E601EE19-A00D-4803-A16D-77565599D946}.Debug|Win32.Build.0 = Debug|Win32
		{E601EE19-A00D-4803-A16D-77565599D946}.English_ReleaseStatic|Win32.ActiveCfg = ReleaseStatic|Win32
		{E601EE19-A00D-4803-A16D-77565599D946}.English_ReleaseStatic|Win32.Build.0 = ReleaseStatic|Win32
		{E601EE19-A00D-4803-A16D-77565599D946}.Release|Win32.ActiveCfg = Release|Win32
		{E601EE19-A00D-4803-A16D-77565599D946}.Release|Win32.Build.0 = Release|Win32
		{E601EE19-A00D-4803-A16D-77565599D946}.ReleaseStatic|Win32.ActiveCfg = ReleaseStatic|Win32
		{E601EE19-A00D-4803-A16D-77565599D946}.ReleaseStatic|Win32.Build.0 = ReleaseStatic|Win32
		{E0E31804-F388-486F-B435-0435C35EEE88}.Debug|Win32.ActiveCfg = Debug|Win32
		{E0E31804-F388-486F-B435-0435C35EEE88}.Debug|Win32.Build.0 = Debug|Win32
		{E0E31804-F388-486F-B435-0435C35EEE88}.English_ReleaseStatic|Win32.ActiveCfg = Release|Win32
		{E0E31804-F388-486F-B435-0435C35EEE88}.English_ReleaseStatic|Win32.Build.0 = Release|Win32
		{E0E31804-F388-486F-B435-0435C35EEE88}.Release|Win32.ActiveCfg = Release|Win32
		{E0E31804-F388-486F-B435-0435C35EEE88}.Release|Win32.Build.0 = Release|Win32
		{E0E31804-F388-486F-B435-0435C35EEE88}.ReleaseStatic|Win32.ActiveCfg = Release|Win32
		{E0E31804-F388-486F-B435-0435C35EEE88}.ReleaseStatic|Win32.Build.0 = Release|Win32
		{7FFFA3F6-860B-43A3-8233-9102385A6B35}.Debug|Win32.ActiveCfg = Debug|Win32
		{7FFFA3F6-860B-43A3-8233-9102385A6B35}.Debug|Win32.Build.0 = Debug|Win32
		{7FFFA3F6-860B-43A3-8233-9102385A6B35}.English_ReleaseStatic|Win32.ActiveCfg = Release|Win32
		{7FFFA3F6-860B-43A3-8233-9102385A6B35}.English_ReleaseStatic|Win32.Build.0 = Release|Win32
		{7FFFA3F6-860B-43A3-8233-9102385A6B35}.Release|Win32.ActiveCfg = Release|Win32
		{7FFFA3F6-860B-43A3-8233-9102385A6B35}.Release|Win32.Build.0 = Release|Win32
		{7FFFA3F6-860B-43A3-8233-9102385A6B35}.ReleaseStatic|Win32.ActiveCfg = Release|Win32
		{7FFFA3F6-860B-43A3-8233-9102385A6B35}.ReleaseStatic|Win32.Build.0 = Release|Win32
		{8CA24AE8-5974-497B-8AA0-F2CABD919BDC}.Debug|Win32.ActiveCfg = Debug|Win32
		{8CA24AE8-5974-497B-8AA0-F2CABD919BDC}.Debug|Win32.Build.0 = Debug|Win32
		{8CA24AE8-5974-497B-8AA0-F2CABD919BDC}.English_ReleaseStatic|Win32.ActiveCfg = English_ReleaseStatic|Win32
		{8CA24AE8-5974-497B-8AA0-F2CABD919BDC}.English_ReleaseStatic|Win32.Build.0 = English_ReleaseStatic|Win32
		{8CA24AE8-5974-497B-8AA0-F2CABD919BDC}.Release|Win32.ActiveCfg = Release|Win32
		{8CA24AE8-5974-497B-8AA0-F2CABD919BDC}.Release|Win32.Build.0 = Release|Win32
		{8CA24AE8-5974-497B-8AA0-F2CABD919BDC}.ReleaseStatic|Win32.ActiveCfg = ReleaseStatic|Win32
		{8CA24AE8-5974-497B-8AA0-F2CABD919BDC}.ReleaseStatic|Win32.Build.0 = ReleaseStatic|Win32
		{61180F6F-D8A2-4E49-AA70-B336A6C50B72}.Debug|Win32.ActiveCfg = Debug|Win32
		{61180F6F-D8A2-4E49-AA70-B336A6C50B72}.Debug|Win32.Build.0 = Debug|Win32
		{61180F6F-D8A2-4E49-AA70-B336A6C50B72}.English_ReleaseStatic|Win32.ActiveCfg = English_ReleaseStatic|Win32
		{61180F6F-D8A2-4E49-AA70-B336A6C50B72}.English_ReleaseStatic|Win32.Build.0 = English_ReleaseStatic|Win32
		{61180F6F-D8A2-4E49-AA70-B336A6C50B72}.Release|Win32.ActiveCfg = Release|Win32
		{61180F6F-D8A2-4E49-AA70-B336A6C50B72}.Release|Win32.Build.0 = Release|Win32
		{61180F6F-D8A2-4E49-AA70-B336A6C50B72}.ReleaseStatic|Win32.ActiveCfg = ReleaseStatic|Win32
		{61180F6F-D8A2-4E49-AA70-B336A6C50B72}.ReleaseStatic|Win32.Build.0 = ReleaseStatic|Win32
		{39199593-4215-9697-2161-564355436861}.Debug|Win32.ActiveCfg = Debug|Win32
		{39199593-4215-9697-2161-564355436861}.Debug|Win32.Build.0 = Debug|Win32
		{39199593-4215-9697-2161-564355436861}.English_ReleaseStatic|Win32.ActiveCfg = Release|Win32
		{39199593-4215-9697-2161-564355436861}.English_ReleaseStatic|Win32.Build.0 = Release|Win32
		{39199593-4215-9697-2161-564355436861}.Release|Win32.ActiveCfg = Release|Win32
		{39199593-4215-9697-2161-564355436861}.Release|Win32.Build.0 = Release|Win32
		{39199593-4215-9697-2161-564355436861}.ReleaseStatic|Win32.ActiveCfg = Release|Win32
		{39199593-4215-9697-2161-564355436861}.ReleaseStatic|Win32.Build.0 = Release|Win32
	EndGlobalSection
	GlobalSection(SolutionProperties) = preSolution
		HideSolutionNode = FALSE
	EndGlobalSection
EndGlobal
