
Microsoft Visual Studio Solution File, Format Version 9.00
# Visual Studio 2005
Project("{8BC9CEB8-8B4A-11D0-8D11-00A0C91BC942}") = "FlashStarter", "FlashStarter.vcproj", "{048958F5-190F-4E91-9CAA-489F206FB9ED}"
	ProjectSection(ProjectDependencies) = postProject
		{D59530D8-8310-4295-B319-7399743FBD09} = {D59530D8-8310-4295-B319-7399743FBD09}
	EndProjectSection
EndProject
Project("{8BC9CEB8-8B4A-11D0-8D11-00A0C91BC942}") = "lutils", "..\..\common\lutils\lutils.vcproj", "{D59530D8-8310-4295-B319-7399743FBD09}"
EndProject
Global
	GlobalSection(SolutionConfigurationPlatforms) = preSolution
		Debug|Win32 = Debug|Win32
		English_ReleaseStatic|Win32 = English_ReleaseStatic|Win32
		Release|Win32 = Release|Win32
		ReleaseStatic|Win32 = ReleaseStatic|Win32
	EndGlobalSection
	GlobalSection(ProjectConfigurationPlatforms) = postSolution
		{048958F5-190F-4E91-9CAA-489F206FB9ED}.Debug|Win32.ActiveCfg = Debug|Win32
		{048958F5-190F-4E91-9CAA-489F206FB9ED}.Debug|Win32.Build.0 = Debug|Win32
		{048958F5-190F-4E91-9CAA-489F206FB9ED}.English_ReleaseStatic|Win32.ActiveCfg = Release|Win32
		{048958F5-190F-4E91-9CAA-489F206FB9ED}.English_ReleaseStatic|Win32.Build.0 = Release|Win32
		{048958F5-190F-4E91-9CAA-489F206FB9ED}.Release|Win32.ActiveCfg = Release|Win32
		{048958F5-190F-4E91-9CAA-489F206FB9ED}.Release|Win32.Build.0 = Release|Win32
		{048958F5-190F-4E91-9CAA-489F206FB9ED}.ReleaseStatic|Win32.ActiveCfg = Release|Win32
		{048958F5-190F-4E91-9CAA-489F206FB9ED}.ReleaseStatic|Win32.Build.0 = Release|Win32
		{D59530D8-8310-4295-B319-7399743FBD09}.Debug|Win32.ActiveCfg = Debug|Win32
		{D59530D8-8310-4295-B319-7399743FBD09}.Debug|Win32.Build.0 = Debug|Win32
		{D59530D8-8310-4295-B319-7399743FBD09}.English_ReleaseStatic|Win32.ActiveCfg = English_ReleaseStatic|Win32
		{D59530D8-8310-4295-B319-7399743FBD09}.English_ReleaseStatic|Win32.Build.0 = English_ReleaseStatic|Win32
		{D59530D8-8310-4295-B319-7399743FBD09}.Release|Win32.ActiveCfg = ReleaseStatic|Win32
		{D59530D8-8310-4295-B319-7399743FBD09}.Release|Win32.Build.0 = ReleaseStatic|Win32
		{D59530D8-8310-4295-B319-7399743FBD09}.ReleaseStatic|Win32.ActiveCfg = ReleaseStatic|Win32
		{D59530D8-8310-4295-B319-7399743FBD09}.ReleaseStatic|Win32.Build.0 = ReleaseStatic|Win32
	EndGlobalSection
	GlobalSection(SolutionProperties) = preSolution
		HideSolutionNode = FALSE
	EndGlobalSection
EndGlobal
