
Microsoft Visual Studio Solution File, Format Version 9.00
# Visual Studio 2005
Project("{8BC9CEB8-8B4A-11D0-8D11-00A0C91BC942}") = "Assistant", "Assistant.vcproj", "{7099D8A6-C706-4083-9B9B-34EE0DD9DC21}"
	ProjectSection(ProjectDependencies) = postProject
		{E0E31804-F388-486F-B435-0435C35EEE88} = {E0E31804-F388-486F-B435-0435C35EEE88}
		{E601EE19-A00D-4803-A16D-77565599D946} = {E601EE19-A00D-4803-A16D-77565599D946}
		{61180F6F-D8A2-4E49-AA70-B336A6C50B72} = {61180F6F-D8A2-4E49-AA70-B336A6C50B72}
		{39199593-4215-9697-2161-564355436861} = {39199593-4215-9697-2161-564355436861}
		{D59530D8-8310-4295-B319-7399743FBD09} = {D59530D8-8310-4295-B319-7399743FBD09}
		{55DCAADA-4E2A-4D19-BADB-6140D23B1D91} = {55DCAADA-4E2A-4D19-BADB-6140D23B1D91}
		{8CA24AE8-5974-497B-8AA0-F2CABD919BDC} = {8CA24AE8-5974-497B-8AA0-F2CABD919BDC}
		{8A4C4DE8-5917-4C2C-9917-A6E0D662E767} = {8A4C4DE8-5917-4C2C-9917-A6E0D662E767}
	EndProjectSection
EndProject
Project("{8BC9CEB8-8B4A-11D0-8D11-00A0C91BC942}") = "avgrabber", "..\..\imc\native\avgrabber\avgrabber.vcproj", "{55DCAADA-4E2A-4D19-BADB-6140D23B1D91}"
	ProjectSection(ProjectDependencies) = postProject
		{D59530D8-8310-4295-B319-7399743FBD09} = {D59530D8-8310-4295-B319-7399743FBD09}
		{E601EE19-A00D-4803-A16D-77565599D946} = {E601EE19-A00D-4803-A16D-77565599D946}
		{61180F6F-D8A2-4E49-AA70-B336A6C50B72} = {61180F6F-D8A2-4E49-AA70-B336A6C50B72}
		{39199593-4215-9697-2161-564355436861} = {39199593-4215-9697-2161-564355436861}
		{8A4C4DE8-5917-4C2C-9917-A6E0D662E767} = {8A4C4DE8-5917-4C2C-9917-A6E0D662E767}
		{3FBA68F3-D62D-4D4D-932C-BB375561F549} = {3FBA68F3-D62D-4D4D-932C-BB375561F549}
		{7FFFA3F6-860B-43A3-8233-9102385A6B35} = {7FFFA3F6-860B-43A3-8233-9102385A6B35}
	EndProjectSection
EndProject
Project("{8BC9CEB8-8B4A-11D0-8D11-00A0C91BC942}") = "iohook", "..\..\imc\native\iohook\iohook.vcproj", "{8A4C4DE8-5917-4C2C-9917-A6E0D662E767}"
	ProjectSection(ProjectDependencies) = postProject
		{3FBA68F3-D62D-4D4D-932C-BB375561F549} = {3FBA68F3-D62D-4D4D-932C-BB375561F549}
	EndProjectSection
EndProject
Project("{8BC9CEB8-8B4A-11D0-8D11-00A0C91BC942}") = "drawsdk", "..\common\drawsdk\drawsdk.vcproj", "{61180F6F-D8A2-4E49-AA70-B336A6C50B72}"
EndProject
Project("{8BC9CEB8-8B4A-11D0-8D11-00A0C91BC942}") = "filesdk", "..\common\filesdk\filesdk.vcproj", "{8CA24AE8-5974-497B-8AA0-F2CABD919BDC}"
	ProjectSection(ProjectDependencies) = postProject
		{61180F6F-D8A2-4E49-AA70-B336A6C50B72} = {61180F6F-D8A2-4E49-AA70-B336A6C50B72}
		{D59530D8-8310-4295-B319-7399743FBD09} = {D59530D8-8310-4295-B319-7399743FBD09}
		{7FFFA3F6-860B-43A3-8233-9102385A6B35} = {7FFFA3F6-860B-43A3-8233-9102385A6B35}
	EndProjectSection
EndProject
Project("{8BC9CEB8-8B4A-11D0-8D11-00A0C91BC942}") = "lsutl32", "..\common\lsutl32\lsutl32.vcproj", "{E601EE19-A00D-4803-A16D-77565599D946}"
	ProjectSection(ProjectDependencies) = postProject
		{E0E31804-F388-486F-B435-0435C35EEE88} = {E0E31804-F388-486F-B435-0435C35EEE88}
		{7713061D-A63A-4D26-B81C-81C6B1A72719} = {7713061D-A63A-4D26-B81C-81C6B1A72719}
		{61180F6F-D8A2-4E49-AA70-B336A6C50B72} = {61180F6F-D8A2-4E49-AA70-B336A6C50B72}
		{39199593-4215-9697-2161-564355436861} = {39199593-4215-9697-2161-564355436861}
		{D59530D8-8310-4295-B319-7399743FBD09} = {D59530D8-8310-4295-B319-7399743FBD09}
		{8CA24AE8-5974-497B-8AA0-F2CABD919BDC} = {8CA24AE8-5974-497B-8AA0-F2CABD919BDC}
		{7FFFA3F6-860B-43A3-8233-9102385A6B35} = {7FFFA3F6-860B-43A3-8233-9102385A6B35}
	EndProjectSection
EndProject
Project("{8BC9CEB8-8B4A-11D0-8D11-00A0C91BC942}") = "keygenlib", "..\common\keygenlib\keygenlib.vcproj", "{E0E31804-F388-486F-B435-0435C35EEE88}"
	ProjectSection(ProjectDependencies) = postProject
		{D59530D8-8310-4295-B319-7399743FBD09} = {D59530D8-8310-4295-B319-7399743FBD09}
	EndProjectSection
EndProject
Project("{8BC9CEB8-8B4A-11D0-8D11-00A0C91BC942}") = "lutils", "..\common\lutils\lutils.vcproj", "{D59530D8-8310-4295-B319-7399743FBD09}"
EndProject
Project("{8BC9CEB8-8B4A-11D0-8D11-00A0C91BC942}") = "twlc", "..\..\imc\native\twlc\twlc.vcproj", "{7713061D-A63A-4D26-B81C-81C6B1A72719}"
	ProjectSection(ProjectDependencies) = postProject
		{7FFFA3F6-860B-43A3-8233-9102385A6B35} = {7FFFA3F6-860B-43A3-8233-9102385A6B35}
		{3FBA68F3-D62D-4D4D-932C-BB375561F549} = {3FBA68F3-D62D-4D4D-932C-BB375561F549}
		{D59530D8-8310-4295-B319-7399743FBD09} = {D59530D8-8310-4295-B319-7399743FBD09}
	EndProjectSection
EndProject
Project("{8BC9CEB8-8B4A-11D0-8D11-00A0C91BC942}") = "zlib", "..\..\imc\native\zlib\zlib.vcproj", "{3FBA68F3-D62D-4D4D-932C-BB375561F549}"
EndProject
Project("{8BC9CEB8-8B4A-11D0-8D11-00A0C91BC942}") = "XTPToolkit_Dll_09", "..\common\XT_Toolkit_2009\Workspace\ToolkitPro\ToolkitProShared_vc80.vcproj", "{39199593-4215-9697-2161-564355436861}"
EndProject
Project("{8BC9CEB8-8B4A-11D0-8D11-00A0C91BC942}") = "BaseClasses", "..\common\DxBaseClasses\baseclasses.vcproj", "{7FFFA3F6-860B-43A3-8233-9102385A6B35}"
EndProject
Global
	GlobalSection(SolutionConfigurationPlatforms) = preSolution
		Debug|Win32 = Debug|Win32
		Debug|x64 = Debug|x64
		Release|Win32 = Release|Win32
		Release|x64 = Release|x64
	EndGlobalSection
	GlobalSection(ProjectConfigurationPlatforms) = postSolution
		{7099D8A6-C706-4083-9B9B-34EE0DD9DC21}.Debug|Win32.ActiveCfg = Debug|Win32
		{7099D8A6-C706-4083-9B9B-34EE0DD9DC21}.Debug|Win32.Build.0 = Debug|Win32
		{7099D8A6-C706-4083-9B9B-34EE0DD9DC21}.Debug|x64.ActiveCfg = Debug|Win32
		{7099D8A6-C706-4083-9B9B-34EE0DD9DC21}.Release|Win32.ActiveCfg = Release|Win32
		{7099D8A6-C706-4083-9B9B-34EE0DD9DC21}.Release|Win32.Build.0 = Release|Win32
		{7099D8A6-C706-4083-9B9B-34EE0DD9DC21}.Release|x64.ActiveCfg = Release|Win32
		{55DCAADA-4E2A-4D19-BADB-6140D23B1D91}.Debug|Win32.ActiveCfg = Debug|Win32
		{55DCAADA-4E2A-4D19-BADB-6140D23B1D91}.Debug|Win32.Build.0 = Debug|Win32
		{55DCAADA-4E2A-4D19-BADB-6140D23B1D91}.Debug|x64.ActiveCfg = Debug|Win32
		{55DCAADA-4E2A-4D19-BADB-6140D23B1D91}.Release|Win32.ActiveCfg = Release|Win32
		{55DCAADA-4E2A-4D19-BADB-6140D23B1D91}.Release|Win32.Build.0 = Release|Win32
		{55DCAADA-4E2A-4D19-BADB-6140D23B1D91}.Release|x64.ActiveCfg = Release|Win32
		{8A4C4DE8-5917-4C2C-9917-A6E0D662E767}.Debug|Win32.ActiveCfg = Debug|Win32
		{8A4C4DE8-5917-4C2C-9917-A6E0D662E767}.Debug|Win32.Build.0 = Debug|Win32
		{8A4C4DE8-5917-4C2C-9917-A6E0D662E767}.Debug|x64.ActiveCfg = Debug|Win32
		{8A4C4DE8-5917-4C2C-9917-A6E0D662E767}.Release|Win32.ActiveCfg = Release|Win32
		{8A4C4DE8-5917-4C2C-9917-A6E0D662E767}.Release|Win32.Build.0 = Release|Win32
		{8A4C4DE8-5917-4C2C-9917-A6E0D662E767}.Release|x64.ActiveCfg = Release|Win32
		{61180F6F-D8A2-4E49-AA70-B336A6C50B72}.Debug|Win32.ActiveCfg = Debug|Win32
		{61180F6F-D8A2-4E49-AA70-B336A6C50B72}.Debug|Win32.Build.0 = Debug|Win32
		{61180F6F-D8A2-4E49-AA70-B336A6C50B72}.Debug|x64.ActiveCfg = Debug|Win32
		{61180F6F-D8A2-4E49-AA70-B336A6C50B72}.Release|Win32.ActiveCfg = Release|Win32
		{61180F6F-D8A2-4E49-AA70-B336A6C50B72}.Release|Win32.Build.0 = Release|Win32
		{61180F6F-D8A2-4E49-AA70-B336A6C50B72}.Release|x64.ActiveCfg = Release|Win32
		{8CA24AE8-5974-497B-8AA0-F2CABD919BDC}.Debug|Win32.ActiveCfg = Debug|Win32
		{8CA24AE8-5974-497B-8AA0-F2CABD919BDC}.Debug|Win32.Build.0 = Debug|Win32
		{8CA24AE8-5974-497B-8AA0-F2CABD919BDC}.Debug|x64.ActiveCfg = Debug|Win32
		{8CA24AE8-5974-497B-8AA0-F2CABD919BDC}.Release|Win32.ActiveCfg = Release|Win32
		{8CA24AE8-5974-497B-8AA0-F2CABD919BDC}.Release|Win32.Build.0 = Release|Win32
		{8CA24AE8-5974-497B-8AA0-F2CABD919BDC}.Release|x64.ActiveCfg = Release|Win32
		{E601EE19-A00D-4803-A16D-77565599D946}.Debug|Win32.ActiveCfg = Debug|Win32
		{E601EE19-A00D-4803-A16D-77565599D946}.Debug|Win32.Build.0 = Debug|Win32
		{E601EE19-A00D-4803-A16D-77565599D946}.Debug|x64.ActiveCfg = Debug|Win32
		{E601EE19-A00D-4803-A16D-77565599D946}.Release|Win32.ActiveCfg = Release|Win32
		{E601EE19-A00D-4803-A16D-77565599D946}.Release|Win32.Build.0 = Release|Win32
		{E601EE19-A00D-4803-A16D-77565599D946}.Release|x64.ActiveCfg = Release|Win32
		{E0E31804-F388-486F-B435-0435C35EEE88}.Debug|Win32.ActiveCfg = Debug|Win32
		{E0E31804-F388-486F-B435-0435C35EEE88}.Debug|Win32.Build.0 = Debug|Win32
		{E0E31804-F388-486F-B435-0435C35EEE88}.Debug|x64.ActiveCfg = Debug|Win32
		{E0E31804-F388-486F-B435-0435C35EEE88}.Release|Win32.ActiveCfg = Release|Win32
		{E0E31804-F388-486F-B435-0435C35EEE88}.Release|Win32.Build.0 = Release|Win32
		{E0E31804-F388-486F-B435-0435C35EEE88}.Release|x64.ActiveCfg = Release|Win32
		{D59530D8-8310-4295-B319-7399743FBD09}.Debug|Win32.ActiveCfg = Debug|Win32
		{D59530D8-8310-4295-B319-7399743FBD09}.Debug|Win32.Build.0 = Debug|Win32
		{D59530D8-8310-4295-B319-7399743FBD09}.Debug|x64.ActiveCfg = Debug|Win32
		{D59530D8-8310-4295-B319-7399743FBD09}.Release|Win32.ActiveCfg = Release|Win32
		{D59530D8-8310-4295-B319-7399743FBD09}.Release|Win32.Build.0 = Release|Win32
		{D59530D8-8310-4295-B319-7399743FBD09}.Release|x64.ActiveCfg = Release|Win32
		{7713061D-A63A-4D26-B81C-81C6B1A72719}.Debug|Win32.ActiveCfg = Debug|Win32
		{7713061D-A63A-4D26-B81C-81C6B1A72719}.Debug|Win32.Build.0 = Debug|Win32
		{7713061D-A63A-4D26-B81C-81C6B1A72719}.Debug|x64.ActiveCfg = Debug|Win32
		{7713061D-A63A-4D26-B81C-81C6B1A72719}.Release|Win32.ActiveCfg = Release|Win32
		{7713061D-A63A-4D26-B81C-81C6B1A72719}.Release|Win32.Build.0 = Release|Win32
		{7713061D-A63A-4D26-B81C-81C6B1A72719}.Release|x64.ActiveCfg = Release|Win32
		{3FBA68F3-D62D-4D4D-932C-BB375561F549}.Debug|Win32.ActiveCfg = Debug|Win32
		{3FBA68F3-D62D-4D4D-932C-BB375561F549}.Debug|Win32.Build.0 = Debug|Win32
		{3FBA68F3-D62D-4D4D-932C-BB375561F549}.Debug|x64.ActiveCfg = Debug|Win32
		{3FBA68F3-D62D-4D4D-932C-BB375561F549}.Release|Win32.ActiveCfg = Release|Win32
		{3FBA68F3-D62D-4D4D-932C-BB375561F549}.Release|Win32.Build.0 = Release|Win32
		{3FBA68F3-D62D-4D4D-932C-BB375561F549}.Release|x64.ActiveCfg = Release|Win32
		{39199593-4215-9697-2161-564355436861}.Debug|Win32.ActiveCfg = Debug|Win32
		{39199593-4215-9697-2161-564355436861}.Debug|Win32.Build.0 = Debug|Win32
		{39199593-4215-9697-2161-564355436861}.Debug|x64.ActiveCfg = Debug|x64
		{39199593-4215-9697-2161-564355436861}.Debug|x64.Build.0 = Debug|x64
		{39199593-4215-9697-2161-564355436861}.Release|Win32.ActiveCfg = Release|Win32
		{39199593-4215-9697-2161-564355436861}.Release|Win32.Build.0 = Release|Win32
		{39199593-4215-9697-2161-564355436861}.Release|x64.ActiveCfg = Release|x64
		{39199593-4215-9697-2161-564355436861}.Release|x64.Build.0 = Release|x64
		{7FFFA3F6-860B-43A3-8233-9102385A6B35}.Debug|Win32.ActiveCfg = Debug|Win32
		{7FFFA3F6-860B-43A3-8233-9102385A6B35}.Debug|Win32.Build.0 = Debug|Win32
		{7FFFA3F6-860B-43A3-8233-9102385A6B35}.Debug|x64.ActiveCfg = Debug|Win32
		{7FFFA3F6-860B-43A3-8233-9102385A6B35}.Release|Win32.ActiveCfg = Release|Win32
		{7FFFA3F6-860B-43A3-8233-9102385A6B35}.Release|Win32.Build.0 = Release|Win32
		{7FFFA3F6-860B-43A3-8233-9102385A6B35}.Release|x64.ActiveCfg = Release|Win32
	EndGlobalSection
	GlobalSection(SolutionProperties) = preSolution
		HideSolutionNode = FALSE
	EndGlobalSection
EndGlobal
