
Microsoft Visual Studio Solution File, Format Version 9.00
# Visual Studio 2005
Project("{8BC9CEB8-8B4A-11D0-8D11-00A0C91BC942}") = "MfcUtils", "MfcUtils.vcproj", "{0A3218ED-A18C-4EEF-8EF6-9CFF431897FF}"
EndProject
Global
	GlobalSection(SolutionConfigurationPlatforms) = preSolution
		Debug|Win32 = Debug|Win32
		Release|Win32 = Release|Win32
		Unicode Debug|Win32 = Unicode Debug|Win32
		Unicode Release|Win32 = Unicode Release|Win32
	EndGlobalSection
	GlobalSection(ProjectConfigurationPlatforms) = postSolution
		{0A3218ED-A18C-4EEF-8EF6-9CFF431897FF}.Debug|Win32.ActiveCfg = Debug|Win32
		{0A3218ED-A18C-4EEF-8EF6-9CFF431897FF}.Debug|Win32.Build.0 = Debug|Win32
		{0A3218ED-A18C-4EEF-8EF6-9CFF431897FF}.Release|Win32.ActiveCfg = Release|Win32
		{0A3218ED-A18C-4EEF-8EF6-9CFF431897FF}.Release|Win32.Build.0 = Release|Win32
		{0A3218ED-A18C-4EEF-8EF6-9CFF431897FF}.Unicode Debug|Win32.ActiveCfg = Unicode Debug|Win32
		{0A3218ED-A18C-4EEF-8EF6-9CFF431897FF}.Unicode Debug|Win32.Build.0 = Unicode Debug|Win32
		{0A3218ED-A18C-4EEF-8EF6-9CFF431897FF}.Unicode Release|Win32.ActiveCfg = Unicode Release|Win32
		{0A3218ED-A18C-4EEF-8EF6-9CFF431897FF}.Unicode Release|Win32.Build.0 = Unicode Release|Win32
	EndGlobalSection
	GlobalSection(SolutionProperties) = preSolution
		HideSolutionNode = FALSE
	EndGlobalSection
EndGlobal
