
Microsoft Visual Studio Solution File, Format Version 9.00
# Visual Studio 2005
Project("{8BC9CEB8-8B4A-11D0-8D11-00A0C91BC942}") = "cdStart_doIt", "cdStart_doIt.vcproj", "{F0E0D782-2BB1-4E45-8BAF-761B8E023C2D}"
EndProject
Global
	GlobalSection(SolutionConfigurationPlatforms) = preSolution
		Debug|Win32 = Debug|Win32
		English Debug|Win32 = English Debug|Win32
		English Release|Win32 = English Release|Win32
		Release|Win32 = Release|Win32
	EndGlobalSection
	GlobalSection(ProjectConfigurationPlatforms) = postSolution
		{F0E0D782-2BB1-4E45-8BAF-761B8E023C2D}.Debug|Win32.ActiveCfg = Debug|Win32
		{F0E0D782-2BB1-4E45-8BAF-761B8E023C2D}.Debug|Win32.Build.0 = Debug|Win32
		{F0E0D782-2BB1-4E45-8BAF-761B8E023C2D}.English Debug|Win32.ActiveCfg = Debug|Win32
		{F0E0D782-2BB1-4E45-8BAF-761B8E023C2D}.English Debug|Win32.Build.0 = Debug|Win32
		{F0E0D782-2BB1-4E45-8BAF-761B8E023C2D}.English Release|Win32.ActiveCfg = English Release|Win32
		{F0E0D782-2BB1-4E45-8BAF-761B8E023C2D}.English Release|Win32.Build.0 = English Release|Win32
		{F0E0D782-2BB1-4E45-8BAF-761B8E023C2D}.Release|Win32.ActiveCfg = Release|Win32
		{F0E0D782-2BB1-4E45-8BAF-761B8E023C2D}.Release|Win32.Build.0 = Release|Win32
	EndGlobalSection
	GlobalSection(SolutionProperties) = preSolution
		HideSolutionNode = FALSE
	EndGlobalSection
EndGlobal
